// !$*UTF8*$!
{
	archiveVersion = 1;
	classes = {
	};
	objectVersion = 46;
	objects = {

/* Begin PBXBuildFile section */
		8A0B14551C54770700164E3A /* main.m in Sources */ = {isa = PBXBuildFile; fileRef = 8A0B14541C54770700164E3A /* main.m */; };
		8A0B14581C54770700164E3A /* AppDelegate.m in Sources */ = {isa = PBXBuildFile; fileRef = 8A0B14571C54770700164E3A /* AppDelegate.m */; };
		8A0B145B1C54770700164E3A /* ViewController.m in Sources */ = {isa = PBXBuildFile; fileRef = 8A0B145A1C54770700164E3A /* ViewController.m */; };
		8A0B145E1C54770700164E3A /* Main.storyboard in Resources */ = {isa = PBXBuildFile; fileRef = 8A0B145C1C54770700164E3A /* Main.storyboard */; };
		8A0B14601C54770700164E3A /* Images.xcassets in Resources */ = {isa = PBXBuildFile; fileRef = 8A0B145F1C54770700164E3A /* Images.xcassets */; };
		8A0B14631C54770700164E3A /* LaunchScreen.xib in Resources */ = {isa = PBXBuildFile; fileRef = 8A0B14611C54770700164E3A /* LaunchScreen.xib */; };
		8A0B146F1C54770700164E3A /* XIBTests.m in Sources */ = {isa = PBXBuildFile; fileRef = 8A0B146E1C54770700164E3A /* XIBTests.m */; };
		8A0B147E1C5477CE00164E3A /* ZHViewController.m in Sources */ = {isa = PBXBuildFile; fileRef = 8A0B147C1C5477CE00164E3A /* ZHViewController.m */; };
		8A0B147F1C5477CE00164E3A /* ZHViewController.xib in Resources */ = {isa = PBXBuildFile; fileRef = 8A0B147D1C5477CE00164E3A /* ZHViewController.xib */; };
/* End PBXBuildFile section */

/* Begin PBXContainerItemProxy section */
		8A0B14691C54770700164E3A /* PBXContainerItemProxy */ = {
			isa = PBXContainerItemProxy;
			containerPortal = 8A0B14471C54770700164E3A /* Project object */;
			proxyType = 1;
			remoteGlobalIDString = 8A0B144E1C54770700164E3A;
			remoteInfo = XIB;
		};
/* End PBXContainerItemProxy section */

/* Begin PBXFileReference section */
		8A0B144F1C54770700164E3A /* XIB.app */ = {isa = PBXFileReference; explicitFileType = wrapper.application; includeInIndex = 0; path = XIB.app; sourceTree = BUILT_PRODUCTS_DIR; };
		8A0B14531C54770700164E3A /* Info.plist */ = {isa = PBXFileReference; lastKnownFileType = text.plist.xml; path = Info.plist; sourceTree = "<group>"; };
		8A0B14541C54770700164E3A /* main.m */ = {isa = PBXFileReference; lastKnownFileType = sourcecode.c.objc; path = main.m; sourceTree = "<group>"; };
		8A0B14561C54770700164E3A /* AppDelegate.h */ = {isa = PBXFileReference; lastKnownFileType = sourcecode.c.h; path = AppDelegate.h; sourceTree = "<group>"; };
		8A0B14571C54770700164E3A /* AppDelegate.m */ = {isa = PBXFileReference; lastKnownFileType = sourcecode.c.objc; path = AppDelegate.m; sourceTree = "<group>"; };
		8A0B14591C54770700164E3A /* ViewController.h */ = {isa = PBXFileReference; lastKnownFileType = sourcecode.c.h; path = ViewController.h; sourceTree = "<group>"; };
		8A0B145A1C54770700164E3A /* ViewController.m */ = {isa = PBXFileReference; lastKnownFileType = sourcecode.c.objc; path = ViewController.m; sourceTree = "<group>"; };
		8A0B145D1C54770700164E3A /* Base */ = {isa = PBXFileReference; lastKnownFileType = file.storyboard; name = Base; path = Base.lproj/Main.storyboard; sourceTree = "<group>"; };
		8A0B145F1C54770700164E3A /* Images.xcassets */ = {isa = PBXFileReference; lastKnownFileType = folder.assetcatalog; path = Images.xcassets; sourceTree = "<group>"; };
		8A0B14621C54770700164E3A /* Base */ = {isa = PBXFileReference; lastKnownFileType = file.xib; name = Base; path = Base.lproj/LaunchScreen.xib; sourceTree = "<group>"; };
		8A0B14681C54770700164E3A /* XIBTests.xctest */ = {isa = PBXFileReference; explicitFileType = wrapper.cfbundle; includeInIndex = 0; path = XIBTests.xctest; sourceTree = BUILT_PRODUCTS_DIR; };
		8A0B146D1C54770700164E3A /* Info.plist */ = {isa = PBXFileReference; lastKnownFileType = text.plist.xml; path = Info.plist; sourceTree = "<group>"; };
		8A0B146E1C54770700164E3A /* XIBTests.m */ = {isa = PBXFileReference; lastKnownFileType = sourcecode.c.objc; path = XIBTests.m; sourceTree = "<group>"; };
		8A0B147B1C5477CE00164E3A /* ZHViewController.h */ = {isa = PBXFileReference; fileEncoding = 4; lastKnownFileType = sourcecode.c.h; path = ZHViewController.h; sourceTree = "<group>"; };
		8A0B147C1C5477CE00164E3A /* ZHViewController.m */ = {isa = PBXFileReference; fileEncoding = 4; lastKnownFileType = sourcecode.c.objc; path = ZHViewController.m; sourceTree = "<group>"; };
		8A0B147D1C5477CE00164E3A /* ZHViewController.xib */ = {isa = PBXFileReference; fileEncoding = 4; lastKnownFileType = file.xib; path = ZHViewController.xib; sourceTree = "<group>"; };
/* End PBXFileReference section */

/* Begin PBXFrameworksBuildPhase section */
		8A0B144C1C54770700164E3A /* Frameworks */ = {
			isa = PBXFrameworksBuildPhase;
			buildActionMask = 2147483647;
			files = (
			);
			runOnlyForDeploymentPostprocessing = 0;
		};
		8A0B14651C54770700164E3A /* Frameworks */ = {
			isa = PBXFrameworksBuildPhase;
			buildActionMask = 2147483647;
			files = (
			);
			runOnlyForDeploymentPostprocessing = 0;
		};
/* End PBXFrameworksBuildPhase section */

/* Begin PBXGroup section */
		8A0B14461C54770700164E3A = {
			isa = PBXGroup;
			children = (
				8A0B14511C54770700164E3A /* XIB */,
				8A0B146B1C54770700164E3A /* XIBTests */,
				8A0B14501C54770700164E3A /* Products */,
			);
			sourceTree = "<group>";
		};
		8A0B14501C54770700164E3A /* Products */ = {
			isa = PBXGroup;
			children = (
				8A0B144F1C54770700164E3A /* XIB.app */,
				8A0B14681C54770700164E3A /* XIBTests.xctest */,
			);
			name = Products;
			sourceTree = "<group>";
		};
		8A0B14511C54770700164E3A /* XIB */ = {
			isa = PBXGroup;
			children = (
				8A0B147B1C5477CE00164E3A /* ZHViewController.h */,
				8A0B147C1C5477CE00164E3A /* ZHViewController.m */,
				8A0B147D1C5477CE00164E3A /* ZHViewController.xib */,
				8A0B14561C54770700164E3A /* AppDelegate.h */,
				8A0B14571C54770700164E3A /* AppDelegate.m */,
				8A0B14591C54770700164E3A /* ViewController.h */,
				8A0B145A1C54770700164E3A /* ViewController.m */,
				8A0B145C1C54770700164E3A /* Main.storyboard */,
				8A0B145F1C54770700164E3A /* Images.xcassets */,
				8A0B14611C54770700164E3A /* LaunchScreen.xib */,
				8A0B14521C54770700164E3A /* Supporting Files */,
			);
			path = XIB;
			sourceTree = "<group>";
		};
		8A0B14521C54770700164E3A /* Supporting Files */ = {
			isa = PBXGroup;
			children = (
				8A0B14531C54770700164E3A /* Info.plist */,
				8A0B14541C54770700164E3A /* main.m */,
			);
			name = "Supporting Files";
			sourceTree = "<group>";
		};
		8A0B146B1C54770700164E3A /* XIBTests */ = {
			isa = PBXGroup;
			children = (
				8A0B146E1C54770700164E3A /* XIBTests.m */,
				8A0B146C1C54770700164E3A /* Supporting Files */,
			);
			path = XIBTests;
			sourceTree = "<group>";
		};
		8A0B146C1C54770700164E3A /* Supporting Files */ = {
			isa = PBXGroup;
			children = (
				8A0B146D1C54770700164E3A /* Info.plist */,
			);
			name = "Supporting Files";
			sourceTree = "<group>";
		};
/* End PBXGroup section */

/* Begin PBXNativeTarget section */
		8A0B144E1C54770700164E3A /* XIB */ = {
			isa = PBXNativeTarget;
			buildConfigurationList = 8A0B14721C54770700164E3A /* Build configuration list for PBXNativeTarget "XIB" */;
			buildPhases = (
				8A0B144B1C54770700164E3A /* Sources */,
				8A0B144C1C54770700164E3A /* Frameworks */,
				8A0B144D1C54770700164E3A /* Resources */,
			);
			buildRules = (
			);
			dependencies = (
			);
			name = XIB;
			productName = XIB;
			productReference = 8A0B144F1C54770700164E3A /* XIB.app */;
			productType = "com.apple.product-type.application";
		};
		8A0B14671C54770700164E3A /* XIBTests */ = {
			isa = PBXNativeTarget;
			buildConfigurationList = 8A0B14751C54770700164E3A /* Build configuration list for PBXNativeTarget "XIBTests" */;
			buildPhases = (
				8A0B14641C54770700164E3A /* Sources */,
				8A0B14651C54770700164E3A /* Frameworks */,
				8A0B14661C54770700164E3A /* Resources */,
			);
			buildRules = (
			);
			dependencies = (
				8A0B146A1C54770700164E3A /* PBXTargetDependency */,
			);
			name = XIBTests;
			productName = XIBTests;
			productReference = 8A0B14681C54770700164E3A /* XIBTests.xctest */;
			productType = "com.apple.product-type.bundle.unit-test";
		};
/* End PBXNativeTarget section */

/* Begin PBXProject section */
		8A0B14471C54770700164E3A /* Project object */ = {
			isa = PBXProject;
			attributes = {
				CLASSPREFIX = ZH;
				LastUpgradeCheck = 0630;
				ORGANIZATIONNAME = miyoo;
				TargetAttributes = {
					8A0B144E1C54770700164E3A = {
						CreatedOnToolsVersion = 6.3;
					};
					8A0B14671C54770700164E3A = {
						CreatedOnToolsVersion = 6.3;
						TestTargetID = 8A0B144E1C54770700164E3A;
					};
				};
			};
			buildConfigurationList = 8A0B144A1C54770700164E3A /* Build configuration list for PBXProject "XIB" */;
			compatibilityVersion = "Xcode 3.2";
			developmentRegion = English;
			hasScannedForEncodings = 0;
			knownRegions = (
				en,
				Base,
			);
			mainGroup = 8A0B14461C54770700164E3A;
			productRefGroup = 8A0B14501C54770700164E3A /* Products */;
			projectDirPath = "";
			projectRoot = "";
			targets = (
				8A0B144E1C54770700164E3A /* XIB */,
				8A0B14671C54770700164E3A /* XIBTests */,
			);
		};
/* End PBXProject section */

/* Begin PBXResourcesBuildPhase section */
		8A0B144D1C54770700164E3A /* Resources */ = {
			isa = PBXResourcesBuildPhase;
			buildActionMask = 2147483647;
			files = (
				8A0B145E1C54770700164E3A /* Main.storyboard in Resources */,
				8A0B14631C54770700164E3A /* LaunchScreen.xib in Resources */,
				8A0B147F1C5477CE00164E3A /* ZHViewController.xib in Resources */,
				8A0B14601C54770700164E3A /* Images.xcassets in Resources */,
			);
			runOnlyForDeploymentPostprocessing = 0;
		};
		8A0B14661C54770700164E3A /* Resources */ = {
			isa = PBXResourcesBuildPhase;
			buildActionMask = 2147483647;
			files = (
			);
			runOnlyForDeploymentPostprocessing = 0;
		};
/* End PBXResourcesBuildPhase section */

/* Begin PBXSourcesBuildPhase section */
		8A0B144B1C54770700164E3A /* Sources */ = {
			isa = PBXSourcesBuildPhase;
			buildActionMask = 2147483647;
			files = (
				8A0B145B1C54770700164E3A /* ViewController.m in Sources */,
				8A0B14581C54770700164E3A /* AppDelegate.m in Sources */,
				8A0B147E1C5477CE00164E3A /* ZHViewController.m in Sources */,
				8A0B14551C54770700164E3A /* main.m in Sources */,
			);
			runOnlyForDeploymentPostprocessing = 0;
		};
		8A0B14641C54770700164E3A /* Sources */ = {
			isa = PBXSourcesBuildPhase;
			buildActionMask = 2147483647;
			files = (
				8A0B146F1C54770700164E3A /* XIBTests.m in Sources */,
			);
			runOnlyForDeploymentPostprocessing = 0;
		};
/* End PBXSourcesBuildPhase section */

/* Begin PBXTargetDependency section */
		8A0B146A1C54770700164E3A /* PBXTargetDependency */ = {
			isa = PBXTargetDependency;
			target = 8A0B144E1C54770700164E3A /* XIB */;
			targetProxy = 8A0B14691C54770700164E3A /* PBXContainerItemProxy */;
		};
/* End PBXTargetDependency section */

/* Begin PBXVariantGroup section */
		8A0B145C1C54770700164E3A /* Main.storyboard */ = {
			isa = PBXVariantGroup;
			children = (
				8A0B145D1C54770700164E3A /* Base */,
			);
			name = Main.storyboard;
			sourceTree = "<group>";
		};
		8A0B14611C54770700164E3A /* LaunchScreen.xib */ = {
			isa = PBXVariantGroup;
			children = (
				8A0B14621C54770700164E3A /* Base */,
			);
			name = LaunchScreen.xib;
			sourceTree = "<group>";
		};
/* End PBXVariantGroup section */

/* Begin XCBuildConfiguration section */
		8A0B14701C54770700164E3A /* Debug */ = {
			isa = XCBuildConfiguration;
			buildSettings = {
				ALWAYS_SEARCH_USER_PATHS = NO;
				CLANG_CXX_LANGUAGE_STANDARD = "gnu++0x";
				CLANG_CXX_LIBRARY = "libc++";
				CLANG_ENABLE_MODULES = YES;
				CLANG_ENABLE_OBJC_ARC = YES;
				CLANG_WARN_BOOL_CONVERSION = YES;
				CLANG_WARN_CONSTANT_CONVERSION = YES;
				CLANG_WARN_DIRECT_OBJC_ISA_USAGE = YES_ERROR;
				CLANG_WARN_EMPTY_BODY = YES;
				CLANG_WARN_ENUM_CONVERSION = YES;
				CLANG_WARN_INT_CONVERSION = YES;
				CLANG_WARN_OBJC_ROOT_CLASS = YES_ERROR;
				CLANG_WARN_UNREACHABLE_CODE = YES;
				CLANG_WARN__DUPLICATE_METHOD_MATCH = YES;
				"CODE_SIGN_IDENTITY[sdk=iphoneos*]" = "iPhone Developer";
				COPY_PHASE_STRIP = NO;
				DEBUG_INFORMATION_FORMAT = "dwarf-with-dsym";
				ENABLE_STRICT_OBJC_MSGSEND = YES;
				GCC_C_LANGUAGE_STANDARD = gnu99;
				GCC_DYNAMIC_NO_PIC = NO;
				GCC_NO_COMMON_BLOCKS = YES;
				GCC_OPTIMIZATION_LEVEL = 0;
				GCC_PREPROCESSOR_DEFINITIONS = (
					"DEBUG=1",
					"$(inherited)",
				);
				GCC_SYMBOLS_PRIVATE_EXTERN = NO;
				GCC_WARN_64_TO_32_BIT_CONVERSION = YES;
				GCC_WARN_ABOUT_RETURN_TYPE = YES_ERROR;
				GCC_WARN_UNDECLARED_SELECTOR = YES;
				GCC_WARN_UNINITIALIZED_AUTOS = YES_AGGRESSIVE;
				GCC_WARN_UNUSED_FUNCTION = YES;
				GCC_WARN_UNUSED_VARIABLE = YES;
				IPHONEOS_DEPLOYMENT_TARGET = 8.3;
				MTL_ENABLE_DEBUG_INFO = YES;
				ONLY_ACTIVE_ARCH = YES;
				SDKROOT = iphoneos;
				TARGETED_DEVICE_FAMILY = "1,2";
			};
			name = Debug;
		};
		8A0B14711C54770700164E3A /* Release */ = {
			isa = XCBuildConfiguration;
			buildSettings = {
				ALWAYS_SEARCH_USER_PATHS = NO;
				CLANG_CXX_LANGUAGE_STANDARD = "gnu++0x";
				CLANG_CXX_LIBRARY = "libc++";
				CLANG_ENABLE_MODULES = YES;
				CLANG_ENABLE_OBJC_ARC = YES;
				CLANG_WARN_BOOL_CONVERSION = YES;
				CLANG_WARN_CONSTANT_CONVERSION = YES;
				CLANG_WARN_DIRECT_OBJC_ISA_USAGE = YES_ERROR;
				CLANG_WARN_EMPTY_BODY = YES;
				CLANG_WARN_ENUM_CONVERSION = YES;
				CLANG_WARN_INT_CONVERSION = YES;
				CLANG_WARN_OBJC_ROOT_CLASS = YES_ERROR;
				CLANG_WARN_UNREACHABLE_CODE = YES;
				CLANG_WARN__DUPLICATE_METHOD_MATCH = YES;
				"CODE_SIGN_IDENTITY[sdk=iphoneos*]" = "iPhone Developer";
				COPY_PHASE_STRIP = NO;
				DEBUG_INFORMATION_FORMAT = "dwarf-with-dsym";
				ENABLE_NS_ASSERTIONS = NO;
				ENABLE_STRICT_OBJC_MSGSEND = YES;
				GCC_C_LANGUAGE_STANDARD = gnu99;
				GCC_NO_COMMON_BLOCKS = YES;
				GCC_WARN_64_TO_32_BIT_CONVERSION = YES;
				GCC_WARN_ABOUT_RETURN_TYPE = YES_ERROR;
				GCC_WARN_UNDECLARED_SELECTOR = YES;
				GCC_WARN_UNINITIALIZED_AUTOS = YES_AGGRESSIVE;
				GCC_WARN_UNUSED_FUNCTION = YES;
				GCC_WARN_UNUSED_VARIABLE = YES;
				IPHONEOS_DEPLOYMENT_TARGET = 8.3;
				MTL_ENABLE_DEBUG_INFO = NO;
				SDKROOT = iphoneos;
				TARGETED_DEVICE_FAMILY = "1,2";
				VALIDATE_PRODUCT = YES;
			};
			name = Release;
		};
		8A0B14731C54770700164E3A /* Debug */ = {
			isa = XCBuildConfiguration;
			buildSettings = {
				ASSETCATALOG_COMPILER_APPICON_NAME = AppIcon;
				INFOPLIST_FILE = XIB/Info.plist;
				LD_RUNPATH_SEARCH_PATHS = "$(inherited) @executable_path/Frameworks";
				PRODUCT_NAME = "$(TARGET_NAME)";
			};
			name = Debug;
		};
		8A0B14741C54770700164E3A /* Release */ = {
			isa = XCBuildConfiguration;
			buildSettings = {
				ASSETCATALOG_COMPILER_APPICON_NAME = AppIcon;
				INFOPLIST_FILE = XIB/Info.plist;
				LD_RUNPATH_SEARCH_PATHS = "$(inherited) @executable_path/Frameworks";
				PRODUCT_NAME = "$(TARGET_NAME)";
			};
			name = Release;
		};
		8A0B14761C54770700164E3A /* Debug */ = {
			isa = XCBuildConfiguration;
			buildSettings = {
				BUNDLE_LOADER = "$(TEST_HOST)";
				FRAMEWORK_SEARCH_PATHS = (
					"$(SDKROOT)/Developer/Library/Frameworks",
					"$(inherited)",
				);
				GCC_PREPROCESSOR_DEFINITIONS = (
					"DEBUG=1",
					"$(inherited)",
				);
				INFOPLIST_FILE = XIBTests/Info.plist;
				LD_RUNPATH_SEARCH_PATHS = "$(inherited) @executable_path/Frameworks @loader_path/Frameworks";
				PRODUCT_NAME = "$(TARGET_NAME)";
				TEST_HOST = "$(BUILT_PRODUCTS_DIR)/XIB.app/XIB";
			};
			name = Debug;
		};
		8A0B14771C54770700164E3A /* Release */ = {
			isa = XCBuildConfiguration;
			buildSettings = {
				BUNDLE_LOADER = "$(TEST_HOST)";
				FRAMEWORK_SEARCH_PATHS = (
					"$(SDKROOT)/Developer/Library/Frameworks",
					"$(inherited)",
				);
				INFOPLIST_FILE = XIBTests/Info.plist;
				LD_RUNPATH_SEARCH_PATHS = "$(inherited) @executable_path/Frameworks @loader_path/Frameworks";
				PRODUCT_NAME = "$(TARGET_NAME)";
				TEST_HOST = "$(BUILT_PRODUCTS_DIR)/XIB.app/XIB";
			};
			name = Release;
		};
/* End XCBuildConfiguration section */

/* Begin XCConfigurationList section */
		8A0B144A1C54770700164E3A /* Build configuration list for PBXProject "XIB" */ = {
			isa = XCConfigurationList;
			buildConfigurations = (
				8A0B14701C54770700164E3A /* Debug */,
				8A0B14711C54770700164E3A /* Release */,
			);
			defaultConfigurationIsVisible = 0;
			defaultConfigurationName = Release;
		};
		8A0B14721C54770700164E3A /* Build configuration list for PBXNativeTarget "XIB" */ = {
			isa = XCConfigurationList;
			buildConfigurations = (
				8A0B14731C54770700164E3A /* Debug */,
				8A0B14741C54770700164E3A /* Release */,
			);
			defaultConfigurationIsVisible = 0;
		};
		8A0B14751C54770700164E3A /* Build configuration list for PBXNativeTarget "XIBTests" */ = {
			isa = XCConfigurationList;
			buildConfigurations = (
				8A0B14761C54770700164E3A /* Debug */,
				8A0B14771C54770700164E3A /* Release */,
			);
			defaultConfigurationIsVisible = 0;
		};
/* End XCConfigurationList section */
	};
	rootObject = 8A0B14471C54770700164E3A /* Project object */;
}
